
Microsoft Visual Studio Solution File, Format Version 12.00
# Visual Studio Version 16
VisualStudioVersion = 16.0.30114.105
MinimumVisualStudioVersion = 10.0.40219.1
Project("{9A19103F-16F7-4668-BE54-9A1E7A4F7556}") = "Api", "Api\Api.csproj", "{4CA68FD4-7C96-4A2B-96D2-7972A482A822}"
EndProject
Project("{FAE04EC0-301F-11D3-BF4B-00C04F79EFBC}") = "DA.Model", "DA.Model\DA.Model.csproj", "{63FEDA9E-0C1D-426E-B76C-A4C3311E97C7}"
EndProject
Project("{FAE04EC0-301F-11D3-BF4B-00C04F79EFBC}") = "DA.Common", "DA.Common\DA.Common.csproj", "{6131A981-99CA-4EFE-B422-37C0CF8598B0}"
EndProject
Global
	GlobalSection(SolutionConfigurationPlatforms) = preSolution
		Debug|Any CPU = Debug|Any CPU
		Debug|x64 = Debug|x64
		Debug|x86 = Debug|x86
		Release|Any CPU = Release|Any CPU
		Release|x64 = Release|x64
		Release|x86 = Release|x86
	EndGlobalSection
	GlobalSection(ProjectConfigurationPlatforms) = postSolution
		{4CA68FD4-7C96-4A2B-96D2-7972A482A822}.Debug|Any CPU.ActiveCfg = Debug|Any CPU
		{4CA68FD4-7C96-4A2B-96D2-7972A482A822}.Debug|Any CPU.Build.0 = Debug|Any CPU
		{4CA68FD4-7C96-4A2B-96D2-7972A482A822}.Debug|x64.ActiveCfg = Debug|Any CPU
		{4CA68FD4-7C96-4A2B-96D2-7972A482A822}.Debug|x64.Build.0 = Debug|Any CPU
		{4CA68FD4-7C96-4A2B-96D2-7972A482A822}.Debug|x86.ActiveCfg = Debug|Any CPU
		{4CA68FD4-7C96-4A2B-96D2-7972A482A822}.Debug|x86.Build.0 = Debug|Any CPU
		{4CA68FD4-7C96-4A2B-96D2-7972A482A822}.Release|Any CPU.ActiveCfg = Release|Any CPU
		{4CA68FD4-7C96-4A2B-96D2-7972A482A822}.Release|Any CPU.Build.0 = Release|Any CPU
		{4CA68FD4-7C96-4A2B-96D2-7972A482A822}.Release|x64.ActiveCfg = Release|Any CPU
		{4CA68FD4-7C96-4A2B-96D2-7972A482A822}.Release|x64.Build.0 = Release|Any CPU
		{4CA68FD4-7C96-4A2B-96D2-7972A482A822}.Release|x86.ActiveCfg = Release|Any CPU
		{4CA68FD4-7C96-4A2B-96D2-7972A482A822}.Release|x86.Build.0 = Release|Any CPU
		{63FEDA9E-0C1D-426E-B76C-A4C3311E97C7}.Debug|Any CPU.ActiveCfg = Debug|Any CPU
		{63FEDA9E-0C1D-426E-B76C-A4C3311E97C7}.Debug|Any CPU.Build.0 = Debug|Any CPU
		{63FEDA9E-0C1D-426E-B76C-A4C3311E97C7}.Debug|x64.ActiveCfg = Debug|Any CPU
		{63FEDA9E-0C1D-426E-B76C-A4C3311E97C7}.Debug|x64.Build.0 = Debug|Any CPU
		{63FEDA9E-0C1D-426E-B76C-A4C3311E97C7}.Debug|x86.ActiveCfg = Debug|Any CPU
		{63FEDA9E-0C1D-426E-B76C-A4C3311E97C7}.Debug|x86.Build.0 = Debug|Any CPU
		{63FEDA9E-0C1D-426E-B76C-A4C3311E97C7}.Release|Any CPU.ActiveCfg = Release|Any CPU
		{63FEDA9E-0C1D-426E-B76C-A4C3311E97C7}.Release|Any CPU.Build.0 = Release|Any CPU
		{63FEDA9E-0C1D-426E-B76C-A4C3311E97C7}.Release|x64.ActiveCfg = Release|Any CPU
		{63FEDA9E-0C1D-426E-B76C-A4C3311E97C7}.Release|x64.Build.0 = Release|Any CPU
		{63FEDA9E-0C1D-426E-B76C-A4C3311E97C7}.Release|x86.ActiveCfg = Release|Any CPU
		{63FEDA9E-0C1D-426E-B76C-A4C3311E97C7}.Release|x86.Build.0 = Release|Any CPU
		{6131A981-99CA-4EFE-B422-37C0CF8598B0}.Debug|Any CPU.ActiveCfg = Debug|Any CPU
		{6131A981-99CA-4EFE-B422-37C0CF8598B0}.Debug|Any CPU.Build.0 = Debug|Any CPU
		{6131A981-99CA-4EFE-B422-37C0CF8598B0}.Debug|x64.ActiveCfg = Debug|Any CPU
		{6131A981-99CA-4EFE-B422-37C0CF8598B0}.Debug|x64.Build.0 = Debug|Any CPU
		{6131A981-99CA-4EFE-B422-37C0CF8598B0}.Debug|x86.ActiveCfg = Debug|Any CPU
		{6131A981-99CA-4EFE-B422-37C0CF8598B0}.Debug|x86.Build.0 = Debug|Any CPU
		{6131A981-99CA-4EFE-B422-37C0CF8598B0}.Release|Any CPU.ActiveCfg = Release|Any CPU
		{6131A981-99CA-4EFE-B422-37C0CF8598B0}.Release|Any CPU.Build.0 = Release|Any CPU
		{6131A981-99CA-4EFE-B422-37C0CF8598B0}.Release|x64.ActiveCfg = Release|Any CPU
		{6131A981-99CA-4EFE-B422-37C0CF8598B0}.Release|x64.Build.0 = Release|Any CPU
		{6131A981-99CA-4EFE-B422-37C0CF8598B0}.Release|x86.ActiveCfg = Release|Any CPU
		{6131A981-99CA-4EFE-B422-37C0CF8598B0}.Release|x86.Build.0 = Release|Any CPU
	EndGlobalSection
	GlobalSection(SolutionProperties) = preSolution
		HideSolutionNode = FALSE
	EndGlobalSection
	GlobalSection(ExtensibilityGlobals) = postSolution
		SolutionGuid = {20CC3D07-C73F-4CAC-B111-AC183BE26C52}
	EndGlobalSection
EndGlobal
